
Microsoft Visual Studio Solution File, Format Version 12.00
# Visual Studio 2012
Project("{FAE04EC0-301F-11D3-BF4B-00C04F79EFBC}") = "FASTWeb", "FASTWeb\FASTWeb.csproj", "{0BC915F7-DACF-44D7-8D9D-1E0A6038CCB3}"
EndProject
Project("{FAE04EC0-301F-11D3-BF4B-00C04F79EFBC}") = "FASTService", "FASTService\FASTService.csproj", "{4A8323DB-FA09-4964-A92D-F0D26E26C3B1}"
EndProject
Global
	GlobalSection(SolutionConfigurationPlatforms) = preSolution
		Debug|Any CPU = Debug|Any CPU
		Release|Any CPU = Release|Any CPU
	EndGlobalSection
	GlobalSection(ProjectConfigurationPlatforms) = postSolution
		{0BC915F7-DACF-44D7-8D9D-1E0A6038CCB3}.Debug|Any CPU.ActiveCfg = Debug|Any CPU
		{0BC915F7-DACF-44D7-8D9D-1E0A6038CCB3}.Debug|Any CPU.Build.0 = Debug|Any CPU
		{0BC915F7-DACF-44D7-8D9D-1E0A6038CCB3}.Release|Any CPU.ActiveCfg = Release|Any CPU
		{0BC915F7-DACF-44D7-8D9D-1E0A6038CCB3}.Release|Any CPU.Build.0 = Release|Any CPU
		{4A8323DB-FA09-4964-A92D-F0D26E26C3B1}.Debug|Any CPU.ActiveCfg = Debug|Any CPU
		{4A8323DB-FA09-4964-A92D-F0D26E26C3B1}.Debug|Any CPU.Build.0 = Debug|Any CPU
		{4A8323DB-FA09-4964-A92D-F0D26E26C3B1}.Release|Any CPU.ActiveCfg = Release|Any CPU
		{4A8323DB-FA09-4964-A92D-F0D26E26C3B1}.Release|Any CPU.Build.0 = Release|Any CPU
	EndGlobalSection
	GlobalSection(SolutionProperties) = preSolution
		HideSolutionNode = FALSE
	EndGlobalSection
EndGlobal
